
Microsoft Visual Studio Solution File, Format Version 12.00
# Visual Studio Version 17
VisualStudioVersion = 17.6.33815.320
MinimumVisualStudioVersion = 10.0.40219.1
Project("{FAE04EC0-301F-11D3-BF4B-00C04F79EFBC}") = "HospitalApi", "HospitalApi\HospitalApi.csproj", "{390CF37F-F2B5-4837-AB9E-6B33525273E5}"
EndProject
Global
	GlobalSection(SolutionConfigurationPlatforms) = preSolution
		Debug|Any CPU = Debug|Any CPU
		Release|Any CPU = Release|Any CPU
	EndGlobalSection
	GlobalSection(ProjectConfigurationPlatforms) = postSolution
		{390CF37F-F2B5-4837-AB9E-6B33525273E5}.Debug|Any CPU.ActiveCfg = Debug|Any CPU
		{390CF37F-F2B5-4837-AB9E-6B33525273E5}.Debug|Any CPU.Build.0 = Debug|Any CPU
		{390CF37F-F2B5-4837-AB9E-6B33525273E5}.Release|Any CPU.ActiveCfg = Release|Any CPU
		{390CF37F-F2B5-4837-AB9E-6B33525273E5}.Release|Any CPU.Build.0 = Release|Any CPU
	EndGlobalSection
	GlobalSection(SolutionProperties) = preSolution
		HideSolutionNode = FALSE
	EndGlobalSection
	GlobalSection(ExtensibilityGlobals) = postSolution
		SolutionGuid = {6447238A-4CF5-4772-AA50-7051DBADE5D6}
	EndGlobalSection
EndGlobal
